
Microsoft Visual Studio Solution File, Format Version 12.00
# Visual Studio Version 16
VisualStudioVersion = 16.0.31313.79
MinimumVisualStudioVersion = 10.0.40219.1
Project("{FAE04EC0-301F-11D3-BF4B-00C04F79EFBC}") = "Saitynu API", "Saitynu API\Saitynu API.csproj", "{54942063-C93D-4106-AF47-434979DF6719}"
EndProject
Global
	GlobalSection(SolutionConfigurationPlatforms) = preSolution
		Debug|Any CPU = Debug|Any CPU
		Release|Any CPU = Release|Any CPU
	EndGlobalSection
	GlobalSection(ProjectConfigurationPlatforms) = postSolution
		{54942063-C93D-4106-AF47-434979DF6719}.Debug|Any CPU.ActiveCfg = Debug|Any CPU
		{54942063-C93D-4106-AF47-434979DF6719}.Debug|Any CPU.Build.0 = Debug|Any CPU
		{54942063-C93D-4106-AF47-434979DF6719}.Release|Any CPU.ActiveCfg = Release|Any CPU
		{54942063-C93D-4106-AF47-434979DF6719}.Release|Any CPU.Build.0 = Release|Any CPU
	EndGlobalSection
	GlobalSection(SolutionProperties) = preSolution
		HideSolutionNode = FALSE
	EndGlobalSection
	GlobalSection(ExtensibilityGlobals) = postSolution
		SolutionGuid = {EE4ABF4B-4E17-4CBF-971F-69C462DFD2ED}
	EndGlobalSection
EndGlobal
